
Microsoft Visual Studio Solution File, Format Version 12.00
Project("{2150E333-8FDC-42A3-9474-1A3956D46DE8}") = "Source", "Source", "{F4EE204E-1738-4CF1-9731-85703430B204}"
EndProject
Project("{2150E333-8FDC-42A3-9474-1A3956D46DE8}") = "Tests", "Tests", "{8DA30F4F-7ECE-4FCE-B090-A8C1BFE0C7A5}"
EndProject
Project("{FAE04EC0-301F-11D3-BF4B-00C04F79EFBC}") = "Caracal.EventBus", "Source\Caracal.EventBus\Caracal.EventBus.csproj", "{C36E3037-F2D3-4E6B-8283-6117AB1430EB}"
EndProject
Project("{FAE04EC0-301F-11D3-BF4B-00C04F79EFBC}") = "Caracal.EventBus.Tests", "Tests\Caracal.EventBus.Tests\Caracal.EventBus.Tests.csproj", "{9FAB9FCA-85E8-47E4-AEE6-58C43C3C3B0C}"
EndProject
Project("{FAE04EC0-301F-11D3-BF4B-00C04F79EFBC}") = "Caracal.Payments", "Source\Caracal.Payments\Caracal.Payments.csproj", "{1D30E4D6-A430-4B2D-BD14-2E36A7ECC236}"
EndProject
Project("{FAE04EC0-301F-11D3-BF4B-00C04F79EFBC}") = "Caracal.Workflow", "Source\Caracal.Workflow\Caracal.Workflow.csproj", "{48E7EC5A-6C60-4A14-918F-7EB1332DBF25}"
EndProject
Project("{FAE04EC0-301F-11D3-BF4B-00C04F79EFBC}") = "Caracal.PayStation.Application", "Source\Caracal.PayStation.Application\Caracal.PayStation.Application.csproj", "{0F4C8E34-2EAF-4D16-A10F-9C45D634C838}"
EndProject
Project("{FAE04EC0-301F-11D3-BF4B-00C04F79EFBC}") = "Caracal.PayStation.EventBus.Events", "Source\Caracal.PayStation.EventBus.Events\Caracal.PayStation.EventBus.Events.csproj", "{DDE02D9A-9047-461E-B04D-582C217CC295}"
EndProject
Project("{2150E333-8FDC-42A3-9474-1A3956D46DE8}") = "Utilities", "Utilities", "{C57262FF-FED6-4331-9709-84E64EFA81D6}"
EndProject
Project("{2150E333-8FDC-42A3-9474-1A3956D46DE8}") = "Utilities", "Utilities", "{75AE1BA5-A235-46E2-8C7D-E5F3578E3652}"
EndProject
Project("{FAE04EC0-301F-11D3-BF4B-00C04F79EFBC}") = "Caracal.Framework", "Source\Caracal.Framework\Caracal.Framework.csproj", "{4DABCF16-43EB-45EE-8976-D7873DA0E88B}"
EndProject
Project("{2150E333-8FDC-42A3-9474-1A3956D46DE8}") = "Plugins", "Plugins", "{E5D0FA7A-FD01-4293-AED4-5A286D37BB0C}"
EndProject
Project("{2150E333-8FDC-42A3-9474-1A3956D46DE8}") = "Security", "Security", "{282769A4-CBE0-4B62-B3E4-FF8F966657B0}"
EndProject
Project("{FAE04EC0-301F-11D3-BF4B-00C04F79EFBC}") = "Caracal.Security", "Source\Caracal.Security\Caracal.Security.csproj", "{CAA17A2E-C712-4459-8C8B-27A5D7211D0E}"
EndProject
Project("{FAE04EC0-301F-11D3-BF4B-00C04F79EFBC}") = "Caracal.Security.Simulator", "Source\Caracal.Security.Simulator\Caracal.Security.Simulator.csproj", "{37874F52-D898-4A98-BE3B-85057336CD2E}"
EndProject
Project("{2150E333-8FDC-42A3-9474-1A3956D46DE8}") = "Plugins", "Plugins", "{D89C9570-E386-4CA8-903D-2D170DAE7C4F}"
EndProject
Project("{2150E333-8FDC-42A3-9474-1A3956D46DE8}") = "Security", "Security", "{F0E1ADEC-DCC2-4B0C-AFFB-32515EF17AB8}"
EndProject
Project("{FAE04EC0-301F-11D3-BF4B-00C04F79EFBC}") = "Caracal.Security.Simulator.Tests", "Tests\Caracal.Security.Simulator.Tests\Caracal.Security.Simulator.Tests.csproj", "{9962C1F4-1D42-4EFD-8AED-41B1B57E6299}"
EndProject
Project("{FAE04EC0-301F-11D3-BF4B-00C04F79EFBC}") = "Caracal.PayStation.Api", "Source\Caracal.PayStation.Api\Caracal.PayStation.Api.csproj", "{C6962446-BD93-4590-9339-BFDB8C622A44}"
EndProject
Project("{FAE04EC0-301F-11D3-BF4B-00C04F79EFBC}") = "Caracal.PayStation.Web", "Source\Caracal.PayStation.Web\Caracal.PayStation.Web.csproj", "{F0F337B5-C74C-45A7-A3D2-0856D6E2AE71}"
EndProject
Project("{2150E333-8FDC-42A3-9474-1A3956D46DE8}") = "Storage", "Storage", "{1710C560-A350-4735-AD8B-5667E528F86F}"
EndProject
Project("{2150E333-8FDC-42A3-9474-1A3956D46DE8}") = "Services", "Services", "{E8D0296D-D568-4A28-8A73-EA64A0BF0FB7}"
EndProject
Project("{2150E333-8FDC-42A3-9474-1A3956D46DE8}") = "Engines", "Engines", "{74209E2C-F162-4E8D-99F6-E914BC856D36}"
EndProject
Project("{FAE04EC0-301F-11D3-BF4B-00C04F79EFBC}") = "Caracal.PayStation.PaymentEngine", "Source\Caracal.PayStation.PaymentEngine\Caracal.PayStation.PaymentEngine.csproj", "{25276854-DF36-4553-9237-E8D35F45D300}"
EndProject
Project("{2150E333-8FDC-42A3-9474-1A3956D46DE8}") = "PayStation", "PayStation", "{5151CA60-6ADD-4C37-886E-3EE5DA0C4983}"
EndProject
Project("{FAE04EC0-301F-11D3-BF4B-00C04F79EFBC}") = "Caracal.PayStation.WorkflowEngine", "Source\Caracal.PayStation.WorkflowEngine\Caracal.PayStation.WorkflowEngine.csproj", "{60EDB7EE-DE3F-4B4C-B5B1-627459728195}"
EndProject
Project("{FAE04EC0-301F-11D3-BF4B-00C04F79EFBC}") = "Caracal.PayStation.Storage.Simulator", "Source\Caracal.PayStation.Storage.Simulator\Caracal.PayStation.Storage.Simulator.csproj", "{431F4087-EF8D-48AD-8F39-4FAEFD09BE24}"
EndProject
Project("{2150E333-8FDC-42A3-9474-1A3956D46DE8}") = "Server", "Server", "{FFD32E3E-6CB3-42C5-80ED-7E289429A512}"
EndProject
Project("{2150E333-8FDC-42A3-9474-1A3956D46DE8}") = "Client", "Client", "{C28B587A-A523-4043-A640-6656D17F74CC}"
EndProject
Project("{2150E333-8FDC-42A3-9474-1A3956D46DE8}") = "Server", "Server", "{DB6F0D2D-FF37-4D67-86E7-38C090CD3561}"
EndProject
Project("{FAE04EC0-301F-11D3-BF4B-00C04F79EFBC}") = "Caracal.PayStation.Application.Tests", "Tests\Caracal.PayStation.Application.Tests\Caracal.PayStation.Application.Tests.csproj", "{E2E9EB5F-A80E-44D6-B3ED-4D83DB052126}"
EndProject
Project("{FAE04EC0-301F-11D3-BF4B-00C04F79EFBC}") = "Caracal.PayStation.Withdrawals", "Source\Caracal.PayStation.Withdrawals\Caracal.PayStation.Withdrawals.csproj", "{55C1D3AD-6024-4240-91DB-E89DAFFF9808}"
EndProject
Project("{FAE04EC0-301F-11D3-BF4B-00C04F79EFBC}") = "Caracal.PayStation.Workflow", "Source\Caracal.PayStation.Workflow\Caracal.PayStation.Workflow.csproj", "{718389EE-E8F2-4453-8521-CF7F0C97A7DF}"
EndProject
Global
	GlobalSection(SolutionConfigurationPlatforms) = preSolution
		Debug|Any CPU = Debug|Any CPU
		Release|Any CPU = Release|Any CPU
	EndGlobalSection
	GlobalSection(NestedProjects) = preSolution
		{C36E3037-F2D3-4E6B-8283-6117AB1430EB} = {C57262FF-FED6-4331-9709-84E64EFA81D6}
		{9FAB9FCA-85E8-47E4-AEE6-58C43C3C3B0C} = {75AE1BA5-A235-46E2-8C7D-E5F3578E3652}
		{48E7EC5A-6C60-4A14-918F-7EB1332DBF25} = {C57262FF-FED6-4331-9709-84E64EFA81D6}
		{1D30E4D6-A430-4B2D-BD14-2E36A7ECC236} = {C57262FF-FED6-4331-9709-84E64EFA81D6}
		{4DABCF16-43EB-45EE-8976-D7873DA0E88B} = {C57262FF-FED6-4331-9709-84E64EFA81D6}
		{282769A4-CBE0-4B62-B3E4-FF8F966657B0} = {E5D0FA7A-FD01-4293-AED4-5A286D37BB0C}
		{CAA17A2E-C712-4459-8C8B-27A5D7211D0E} = {282769A4-CBE0-4B62-B3E4-FF8F966657B0}
		{37874F52-D898-4A98-BE3B-85057336CD2E} = {282769A4-CBE0-4B62-B3E4-FF8F966657B0}
		{F0E1ADEC-DCC2-4B0C-AFFB-32515EF17AB8} = {D89C9570-E386-4CA8-903D-2D170DAE7C4F}
		{9962C1F4-1D42-4EFD-8AED-41B1B57E6299} = {F0E1ADEC-DCC2-4B0C-AFFB-32515EF17AB8}
		{25276854-DF36-4553-9237-E8D35F45D300} = {74209E2C-F162-4E8D-99F6-E914BC856D36}
		{74209E2C-F162-4E8D-99F6-E914BC856D36} = {5151CA60-6ADD-4C37-886E-3EE5DA0C4983}
		{E8D0296D-D568-4A28-8A73-EA64A0BF0FB7} = {5151CA60-6ADD-4C37-886E-3EE5DA0C4983}
		{1710C560-A350-4735-AD8B-5667E528F86F} = {5151CA60-6ADD-4C37-886E-3EE5DA0C4983}
		{60EDB7EE-DE3F-4B4C-B5B1-627459728195} = {74209E2C-F162-4E8D-99F6-E914BC856D36}
		{FFD32E3E-6CB3-42C5-80ED-7E289429A512} = {F4EE204E-1738-4CF1-9731-85703430B204}
		{5151CA60-6ADD-4C37-886E-3EE5DA0C4983} = {FFD32E3E-6CB3-42C5-80ED-7E289429A512}
		{E5D0FA7A-FD01-4293-AED4-5A286D37BB0C} = {FFD32E3E-6CB3-42C5-80ED-7E289429A512}
		{C57262FF-FED6-4331-9709-84E64EFA81D6} = {FFD32E3E-6CB3-42C5-80ED-7E289429A512}
		{C6962446-BD93-4590-9339-BFDB8C622A44} = {FFD32E3E-6CB3-42C5-80ED-7E289429A512}
		{0F4C8E34-2EAF-4D16-A10F-9C45D634C838} = {FFD32E3E-6CB3-42C5-80ED-7E289429A512}
		{C28B587A-A523-4043-A640-6656D17F74CC} = {F4EE204E-1738-4CF1-9731-85703430B204}
		{F0F337B5-C74C-45A7-A3D2-0856D6E2AE71} = {C28B587A-A523-4043-A640-6656D17F74CC}
		{DDE02D9A-9047-461E-B04D-582C217CC295} = {FFD32E3E-6CB3-42C5-80ED-7E289429A512}
		{DB6F0D2D-FF37-4D67-86E7-38C090CD3561} = {8DA30F4F-7ECE-4FCE-B090-A8C1BFE0C7A5}
		{D89C9570-E386-4CA8-903D-2D170DAE7C4F} = {DB6F0D2D-FF37-4D67-86E7-38C090CD3561}
		{75AE1BA5-A235-46E2-8C7D-E5F3578E3652} = {DB6F0D2D-FF37-4D67-86E7-38C090CD3561}
		{E2E9EB5F-A80E-44D6-B3ED-4D83DB052126} = {DB6F0D2D-FF37-4D67-86E7-38C090CD3561}
		{55C1D3AD-6024-4240-91DB-E89DAFFF9808} = {5151CA60-6ADD-4C37-886E-3EE5DA0C4983}
		{718389EE-E8F2-4453-8521-CF7F0C97A7DF} = {5151CA60-6ADD-4C37-886E-3EE5DA0C4983}
		{431F4087-EF8D-48AD-8F39-4FAEFD09BE24} = {1710C560-A350-4735-AD8B-5667E528F86F}
	EndGlobalSection
	GlobalSection(ProjectConfigurationPlatforms) = postSolution
		{C36E3037-F2D3-4E6B-8283-6117AB1430EB}.Debug|Any CPU.ActiveCfg = Debug|Any CPU
		{C36E3037-F2D3-4E6B-8283-6117AB1430EB}.Debug|Any CPU.Build.0 = Debug|Any CPU
		{C36E3037-F2D3-4E6B-8283-6117AB1430EB}.Release|Any CPU.ActiveCfg = Release|Any CPU
		{C36E3037-F2D3-4E6B-8283-6117AB1430EB}.Release|Any CPU.Build.0 = Release|Any CPU
		{9FAB9FCA-85E8-47E4-AEE6-58C43C3C3B0C}.Debug|Any CPU.ActiveCfg = Debug|Any CPU
		{9FAB9FCA-85E8-47E4-AEE6-58C43C3C3B0C}.Debug|Any CPU.Build.0 = Debug|Any CPU
		{9FAB9FCA-85E8-47E4-AEE6-58C43C3C3B0C}.Release|Any CPU.ActiveCfg = Release|Any CPU
		{9FAB9FCA-85E8-47E4-AEE6-58C43C3C3B0C}.Release|Any CPU.Build.0 = Release|Any CPU
		{1D30E4D6-A430-4B2D-BD14-2E36A7ECC236}.Debug|Any CPU.ActiveCfg = Debug|Any CPU
		{1D30E4D6-A430-4B2D-BD14-2E36A7ECC236}.Debug|Any CPU.Build.0 = Debug|Any CPU
		{1D30E4D6-A430-4B2D-BD14-2E36A7ECC236}.Release|Any CPU.ActiveCfg = Release|Any CPU
		{1D30E4D6-A430-4B2D-BD14-2E36A7ECC236}.Release|Any CPU.Build.0 = Release|Any CPU
		{48E7EC5A-6C60-4A14-918F-7EB1332DBF25}.Debug|Any CPU.ActiveCfg = Debug|Any CPU
		{48E7EC5A-6C60-4A14-918F-7EB1332DBF25}.Debug|Any CPU.Build.0 = Debug|Any CPU
		{48E7EC5A-6C60-4A14-918F-7EB1332DBF25}.Release|Any CPU.ActiveCfg = Release|Any CPU
		{48E7EC5A-6C60-4A14-918F-7EB1332DBF25}.Release|Any CPU.Build.0 = Release|Any CPU
		{0F4C8E34-2EAF-4D16-A10F-9C45D634C838}.Debug|Any CPU.ActiveCfg = Debug|Any CPU
		{0F4C8E34-2EAF-4D16-A10F-9C45D634C838}.Debug|Any CPU.Build.0 = Debug|Any CPU
		{0F4C8E34-2EAF-4D16-A10F-9C45D634C838}.Release|Any CPU.ActiveCfg = Release|Any CPU
		{0F4C8E34-2EAF-4D16-A10F-9C45D634C838}.Release|Any CPU.Build.0 = Release|Any CPU
		{DDE02D9A-9047-461E-B04D-582C217CC295}.Debug|Any CPU.ActiveCfg = Debug|Any CPU
		{DDE02D9A-9047-461E-B04D-582C217CC295}.Debug|Any CPU.Build.0 = Debug|Any CPU
		{DDE02D9A-9047-461E-B04D-582C217CC295}.Release|Any CPU.ActiveCfg = Release|Any CPU
		{DDE02D9A-9047-461E-B04D-582C217CC295}.Release|Any CPU.Build.0 = Release|Any CPU
		{4DABCF16-43EB-45EE-8976-D7873DA0E88B}.Debug|Any CPU.ActiveCfg = Debug|Any CPU
		{4DABCF16-43EB-45EE-8976-D7873DA0E88B}.Debug|Any CPU.Build.0 = Debug|Any CPU
		{4DABCF16-43EB-45EE-8976-D7873DA0E88B}.Release|Any CPU.ActiveCfg = Release|Any CPU
		{4DABCF16-43EB-45EE-8976-D7873DA0E88B}.Release|Any CPU.Build.0 = Release|Any CPU
		{CAA17A2E-C712-4459-8C8B-27A5D7211D0E}.Debug|Any CPU.ActiveCfg = Debug|Any CPU
		{CAA17A2E-C712-4459-8C8B-27A5D7211D0E}.Debug|Any CPU.Build.0 = Debug|Any CPU
		{CAA17A2E-C712-4459-8C8B-27A5D7211D0E}.Release|Any CPU.ActiveCfg = Release|Any CPU
		{CAA17A2E-C712-4459-8C8B-27A5D7211D0E}.Release|Any CPU.Build.0 = Release|Any CPU
		{37874F52-D898-4A98-BE3B-85057336CD2E}.Debug|Any CPU.ActiveCfg = Debug|Any CPU
		{37874F52-D898-4A98-BE3B-85057336CD2E}.Debug|Any CPU.Build.0 = Debug|Any CPU
		{37874F52-D898-4A98-BE3B-85057336CD2E}.Release|Any CPU.ActiveCfg = Release|Any CPU
		{37874F52-D898-4A98-BE3B-85057336CD2E}.Release|Any CPU.Build.0 = Release|Any CPU
		{9962C1F4-1D42-4EFD-8AED-41B1B57E6299}.Debug|Any CPU.ActiveCfg = Debug|Any CPU
		{9962C1F4-1D42-4EFD-8AED-41B1B57E6299}.Debug|Any CPU.Build.0 = Debug|Any CPU
		{9962C1F4-1D42-4EFD-8AED-41B1B57E6299}.Release|Any CPU.ActiveCfg = Release|Any CPU
		{9962C1F4-1D42-4EFD-8AED-41B1B57E6299}.Release|Any CPU.Build.0 = Release|Any CPU
		{C6962446-BD93-4590-9339-BFDB8C622A44}.Debug|Any CPU.ActiveCfg = Debug|Any CPU
		{C6962446-BD93-4590-9339-BFDB8C622A44}.Debug|Any CPU.Build.0 = Debug|Any CPU
		{C6962446-BD93-4590-9339-BFDB8C622A44}.Release|Any CPU.ActiveCfg = Release|Any CPU
		{C6962446-BD93-4590-9339-BFDB8C622A44}.Release|Any CPU.Build.0 = Release|Any CPU
		{F0F337B5-C74C-45A7-A3D2-0856D6E2AE71}.Debug|Any CPU.ActiveCfg = Debug|Any CPU
		{F0F337B5-C74C-45A7-A3D2-0856D6E2AE71}.Debug|Any CPU.Build.0 = Debug|Any CPU
		{F0F337B5-C74C-45A7-A3D2-0856D6E2AE71}.Release|Any CPU.ActiveCfg = Release|Any CPU
		{F0F337B5-C74C-45A7-A3D2-0856D6E2AE71}.Release|Any CPU.Build.0 = Release|Any CPU
		{25276854-DF36-4553-9237-E8D35F45D300}.Debug|Any CPU.ActiveCfg = Debug|Any CPU
		{25276854-DF36-4553-9237-E8D35F45D300}.Debug|Any CPU.Build.0 = Debug|Any CPU
		{25276854-DF36-4553-9237-E8D35F45D300}.Release|Any CPU.ActiveCfg = Release|Any CPU
		{25276854-DF36-4553-9237-E8D35F45D300}.Release|Any CPU.Build.0 = Release|Any CPU
		{60EDB7EE-DE3F-4B4C-B5B1-627459728195}.Debug|Any CPU.ActiveCfg = Debug|Any CPU
		{60EDB7EE-DE3F-4B4C-B5B1-627459728195}.Debug|Any CPU.Build.0 = Debug|Any CPU
		{60EDB7EE-DE3F-4B4C-B5B1-627459728195}.Release|Any CPU.ActiveCfg = Release|Any CPU
		{60EDB7EE-DE3F-4B4C-B5B1-627459728195}.Release|Any CPU.Build.0 = Release|Any CPU
		{431F4087-EF8D-48AD-8F39-4FAEFD09BE24}.Debug|Any CPU.ActiveCfg = Debug|Any CPU
		{431F4087-EF8D-48AD-8F39-4FAEFD09BE24}.Debug|Any CPU.Build.0 = Debug|Any CPU
		{431F4087-EF8D-48AD-8F39-4FAEFD09BE24}.Release|Any CPU.ActiveCfg = Release|Any CPU
		{431F4087-EF8D-48AD-8F39-4FAEFD09BE24}.Release|Any CPU.Build.0 = Release|Any CPU
		{E2E9EB5F-A80E-44D6-B3ED-4D83DB052126}.Debug|Any CPU.ActiveCfg = Debug|Any CPU
		{E2E9EB5F-A80E-44D6-B3ED-4D83DB052126}.Debug|Any CPU.Build.0 = Debug|Any CPU
		{E2E9EB5F-A80E-44D6-B3ED-4D83DB052126}.Release|Any CPU.ActiveCfg = Release|Any CPU
		{E2E9EB5F-A80E-44D6-B3ED-4D83DB052126}.Release|Any CPU.Build.0 = Release|Any CPU
		{55C1D3AD-6024-4240-91DB-E89DAFFF9808}.Debug|Any CPU.ActiveCfg = Debug|Any CPU
		{55C1D3AD-6024-4240-91DB-E89DAFFF9808}.Debug|Any CPU.Build.0 = Debug|Any CPU
		{55C1D3AD-6024-4240-91DB-E89DAFFF9808}.Release|Any CPU.ActiveCfg = Release|Any CPU
		{55C1D3AD-6024-4240-91DB-E89DAFFF9808}.Release|Any CPU.Build.0 = Release|Any CPU
		{718389EE-E8F2-4453-8521-CF7F0C97A7DF}.Debug|Any CPU.ActiveCfg = Debug|Any CPU
		{718389EE-E8F2-4453-8521-CF7F0C97A7DF}.Debug|Any CPU.Build.0 = Debug|Any CPU
		{718389EE-E8F2-4453-8521-CF7F0C97A7DF}.Release|Any CPU.ActiveCfg = Release|Any CPU
		{718389EE-E8F2-4453-8521-CF7F0C97A7DF}.Release|Any CPU.Build.0 = Release|Any CPU
	EndGlobalSection
EndGlobal
