
Microsoft Visual Studio Solution File, Format Version 12.00
Project("{2150E333-8FDC-42A3-9474-1A3956D46DE8}") = "Source", "Source", "{F4EE204E-1738-4CF1-9731-85703430B204}"
EndProject
Project("{2150E333-8FDC-42A3-9474-1A3956D46DE8}") = "Tests", "Tests", "{8DA30F4F-7ECE-4FCE-B090-A8C1BFE0C7A5}"
EndProject
Project("{FAE04EC0-301F-11D3-BF4B-00C04F79EFBC}") = "Caracal.EventBus", "Source\Caracal.EventBus\Caracal.EventBus.csproj", "{C36E3037-F2D3-4E6B-8283-6117AB1430EB}"
EndProject
Project("{FAE04EC0-301F-11D3-BF4B-00C04F79EFBC}") = "Caracal.EventBus.Tests", "Tests\Caracal.EventBus.Tests\Caracal.EventBus.Tests.csproj", "{9FAB9FCA-85E8-47E4-AEE6-58C43C3C3B0C}"
EndProject
Project("{FAE04EC0-301F-11D3-BF4B-00C04F79EFBC}") = "Caracal.Payments", "Source\Caracal.Payments\Caracal.Payments.csproj", "{1D30E4D6-A430-4B2D-BD14-2E36A7ECC236}"
EndProject
Project("{FAE04EC0-301F-11D3-BF4B-00C04F79EFBC}") = "Caracal.Payments.Tests", "Tests\Caracal.Payments.Tests\Caracal.Payments.Tests.csproj", "{88655707-34FE-440C-970E-0B41D04EC434}"
EndProject
Project("{FAE04EC0-301F-11D3-BF4B-00C04F79EFBC}") = "Caracal.Workflow", "Source\Caracal.Workflow\Caracal.Workflow.csproj", "{48E7EC5A-6C60-4A14-918F-7EB1332DBF25}"
EndProject
Project("{FAE04EC0-301F-11D3-BF4B-00C04F79EFBC}") = "Caracal.Workflow.Tests", "Tests\Caracal.Workflow.Tests\Caracal.Workflow.Tests.csproj", "{9E21656A-EF39-4C11-9FFE-19618835C5CE}"
EndProject
Project("{FAE04EC0-301F-11D3-BF4B-00C04F79EFBC}") = "Caracal.PayStation.Application", "Source\Caracal.PayStation.Application\Caracal.PayStation.Application.csproj", "{0F4C8E34-2EAF-4D16-A10F-9C45D634C838}"
EndProject
Project("{FAE04EC0-301F-11D3-BF4B-00C04F79EFBC}") = "Caracal.PayStation.Application.Tests", "Tests\Caracal.PayStation.Application.Tests\Caracal.PayStation.Application.Tests.csproj", "{4607C783-658C-410C-BD4B-2389E231C05C}"
EndProject
Project("{FAE04EC0-301F-11D3-BF4B-00C04F79EFBC}") = "Caracal.Paystation.EventBus.Events", "Source\Caracal.Paystation.EventBus.Events\Caracal.Paystation.EventBus.Events.csproj", "{DDE02D9A-9047-461E-B04D-582C217CC295}"
EndProject
Project("{FAE04EC0-301F-11D3-BF4B-00C04F79EFBC}") = "Caracal.Paystation.EventBus.Events.Tests", "Tests\Caracal.Paystation.EventBus.Events.Tests\Caracal.Paystation.EventBus.Events.Tests.csproj", "{33DD049A-B634-4F44-94FC-ED9B9308F656}"
EndProject
Project("{2150E333-8FDC-42A3-9474-1A3956D46DE8}") = "Utilities", "Utilities", "{C57262FF-FED6-4331-9709-84E64EFA81D6}"
EndProject
Project("{2150E333-8FDC-42A3-9474-1A3956D46DE8}") = "Utilities", "Utilities", "{75AE1BA5-A235-46E2-8C7D-E5F3578E3652}"
EndProject
Project("{FAE04EC0-301F-11D3-BF4B-00C04F79EFBC}") = "Caracal.Framework", "Source\Caracal.Framework\Caracal.Framework.csproj", "{4DABCF16-43EB-45EE-8976-D7873DA0E88B}"
EndProject
Project("{FAE04EC0-301F-11D3-BF4B-00C04F79EFBC}") = "Caracal.Framework.Tests", "Tests\Caracal.Framework.Tests\Caracal.Framework.Tests.csproj", "{DCAC2059-9A4F-47F5-8594-DBA37BE6DCF0}"
EndProject
Project("{2150E333-8FDC-42A3-9474-1A3956D46DE8}") = "Plugins", "Plugins", "{E5D0FA7A-FD01-4293-AED4-5A286D37BB0C}"
EndProject
Project("{2150E333-8FDC-42A3-9474-1A3956D46DE8}") = "Security", "Security", "{282769A4-CBE0-4B62-B3E4-FF8F966657B0}"
EndProject
Project("{FAE04EC0-301F-11D3-BF4B-00C04F79EFBC}") = "Caracal.Security", "Source\Caracal.Security\Caracal.Security.csproj", "{CAA17A2E-C712-4459-8C8B-27A5D7211D0E}"
EndProject
Project("{FAE04EC0-301F-11D3-BF4B-00C04F79EFBC}") = "Caracal.Security.Simulator", "Source\Caracal.Security.Simulator\Caracal.Security.Simulator.csproj", "{37874F52-D898-4A98-BE3B-85057336CD2E}"
EndProject
Project("{2150E333-8FDC-42A3-9474-1A3956D46DE8}") = "Plugins", "Plugins", "{D89C9570-E386-4CA8-903D-2D170DAE7C4F}"
EndProject
Project("{2150E333-8FDC-42A3-9474-1A3956D46DE8}") = "Security", "Security", "{F0E1ADEC-DCC2-4B0C-AFFB-32515EF17AB8}"
EndProject
Project("{FAE04EC0-301F-11D3-BF4B-00C04F79EFBC}") = "Caracal.Security.Simulator.Tests", "Tests\Caracal.Security.Simulator.Tests\Caracal.Security.Simulator.Tests.csproj", "{9962C1F4-1D42-4EFD-8AED-41B1B57E6299}"
EndProject
Project("{FAE04EC0-301F-11D3-BF4B-00C04F79EFBC}") = "Caracal.PayStation.Api", "Source\Caracal.PayStation.Api\Caracal.PayStation.Api.csproj", "{C6962446-BD93-4590-9339-BFDB8C622A44}"
EndProject
Project("{FAE04EC0-301F-11D3-BF4B-00C04F79EFBC}") = "Caracal.PayStation.Web", "Source\Caracal.PayStation.Web\Caracal.PayStation.Web.csproj", "{F0F337B5-C74C-45A7-A3D2-0856D6E2AE71}"
EndProject
Global
	GlobalSection(SolutionConfigurationPlatforms) = preSolution
		Debug|Any CPU = Debug|Any CPU
		Release|Any CPU = Release|Any CPU
	EndGlobalSection
	GlobalSection(NestedProjects) = preSolution
		{0F4C8E34-2EAF-4D16-A10F-9C45D634C838} = {F4EE204E-1738-4CF1-9731-85703430B204}
		{4607C783-658C-410C-BD4B-2389E231C05C} = {8DA30F4F-7ECE-4FCE-B090-A8C1BFE0C7A5}
		{DDE02D9A-9047-461E-B04D-582C217CC295} = {F4EE204E-1738-4CF1-9731-85703430B204}
		{33DD049A-B634-4F44-94FC-ED9B9308F656} = {8DA30F4F-7ECE-4FCE-B090-A8C1BFE0C7A5}
		{C57262FF-FED6-4331-9709-84E64EFA81D6} = {F4EE204E-1738-4CF1-9731-85703430B204}
		{C36E3037-F2D3-4E6B-8283-6117AB1430EB} = {C57262FF-FED6-4331-9709-84E64EFA81D6}
		{75AE1BA5-A235-46E2-8C7D-E5F3578E3652} = {8DA30F4F-7ECE-4FCE-B090-A8C1BFE0C7A5}
		{9FAB9FCA-85E8-47E4-AEE6-58C43C3C3B0C} = {75AE1BA5-A235-46E2-8C7D-E5F3578E3652}
		{48E7EC5A-6C60-4A14-918F-7EB1332DBF25} = {C57262FF-FED6-4331-9709-84E64EFA81D6}
		{9E21656A-EF39-4C11-9FFE-19618835C5CE} = {75AE1BA5-A235-46E2-8C7D-E5F3578E3652}
		{1D30E4D6-A430-4B2D-BD14-2E36A7ECC236} = {C57262FF-FED6-4331-9709-84E64EFA81D6}
		{88655707-34FE-440C-970E-0B41D04EC434} = {75AE1BA5-A235-46E2-8C7D-E5F3578E3652}
		{4DABCF16-43EB-45EE-8976-D7873DA0E88B} = {C57262FF-FED6-4331-9709-84E64EFA81D6}
		{DCAC2059-9A4F-47F5-8594-DBA37BE6DCF0} = {75AE1BA5-A235-46E2-8C7D-E5F3578E3652}
		{E5D0FA7A-FD01-4293-AED4-5A286D37BB0C} = {F4EE204E-1738-4CF1-9731-85703430B204}
		{282769A4-CBE0-4B62-B3E4-FF8F966657B0} = {E5D0FA7A-FD01-4293-AED4-5A286D37BB0C}
		{CAA17A2E-C712-4459-8C8B-27A5D7211D0E} = {282769A4-CBE0-4B62-B3E4-FF8F966657B0}
		{37874F52-D898-4A98-BE3B-85057336CD2E} = {282769A4-CBE0-4B62-B3E4-FF8F966657B0}
		{D89C9570-E386-4CA8-903D-2D170DAE7C4F} = {8DA30F4F-7ECE-4FCE-B090-A8C1BFE0C7A5}
		{F0E1ADEC-DCC2-4B0C-AFFB-32515EF17AB8} = {D89C9570-E386-4CA8-903D-2D170DAE7C4F}
		{9962C1F4-1D42-4EFD-8AED-41B1B57E6299} = {F0E1ADEC-DCC2-4B0C-AFFB-32515EF17AB8}
		{C6962446-BD93-4590-9339-BFDB8C622A44} = {F4EE204E-1738-4CF1-9731-85703430B204}
		{F0F337B5-C74C-45A7-A3D2-0856D6E2AE71} = {F4EE204E-1738-4CF1-9731-85703430B204}
	EndGlobalSection
	GlobalSection(ProjectConfigurationPlatforms) = postSolution
		{C36E3037-F2D3-4E6B-8283-6117AB1430EB}.Debug|Any CPU.ActiveCfg = Debug|Any CPU
		{C36E3037-F2D3-4E6B-8283-6117AB1430EB}.Debug|Any CPU.Build.0 = Debug|Any CPU
		{C36E3037-F2D3-4E6B-8283-6117AB1430EB}.Release|Any CPU.ActiveCfg = Release|Any CPU
		{C36E3037-F2D3-4E6B-8283-6117AB1430EB}.Release|Any CPU.Build.0 = Release|Any CPU
		{9FAB9FCA-85E8-47E4-AEE6-58C43C3C3B0C}.Debug|Any CPU.ActiveCfg = Debug|Any CPU
		{9FAB9FCA-85E8-47E4-AEE6-58C43C3C3B0C}.Debug|Any CPU.Build.0 = Debug|Any CPU
		{9FAB9FCA-85E8-47E4-AEE6-58C43C3C3B0C}.Release|Any CPU.ActiveCfg = Release|Any CPU
		{9FAB9FCA-85E8-47E4-AEE6-58C43C3C3B0C}.Release|Any CPU.Build.0 = Release|Any CPU
		{1D30E4D6-A430-4B2D-BD14-2E36A7ECC236}.Debug|Any CPU.ActiveCfg = Debug|Any CPU
		{1D30E4D6-A430-4B2D-BD14-2E36A7ECC236}.Debug|Any CPU.Build.0 = Debug|Any CPU
		{1D30E4D6-A430-4B2D-BD14-2E36A7ECC236}.Release|Any CPU.ActiveCfg = Release|Any CPU
		{1D30E4D6-A430-4B2D-BD14-2E36A7ECC236}.Release|Any CPU.Build.0 = Release|Any CPU
		{88655707-34FE-440C-970E-0B41D04EC434}.Debug|Any CPU.ActiveCfg = Debug|Any CPU
		{88655707-34FE-440C-970E-0B41D04EC434}.Debug|Any CPU.Build.0 = Debug|Any CPU
		{88655707-34FE-440C-970E-0B41D04EC434}.Release|Any CPU.ActiveCfg = Release|Any CPU
		{88655707-34FE-440C-970E-0B41D04EC434}.Release|Any CPU.Build.0 = Release|Any CPU
		{48E7EC5A-6C60-4A14-918F-7EB1332DBF25}.Debug|Any CPU.ActiveCfg = Debug|Any CPU
		{48E7EC5A-6C60-4A14-918F-7EB1332DBF25}.Debug|Any CPU.Build.0 = Debug|Any CPU
		{48E7EC5A-6C60-4A14-918F-7EB1332DBF25}.Release|Any CPU.ActiveCfg = Release|Any CPU
		{48E7EC5A-6C60-4A14-918F-7EB1332DBF25}.Release|Any CPU.Build.0 = Release|Any CPU
		{9E21656A-EF39-4C11-9FFE-19618835C5CE}.Debug|Any CPU.ActiveCfg = Debug|Any CPU
		{9E21656A-EF39-4C11-9FFE-19618835C5CE}.Debug|Any CPU.Build.0 = Debug|Any CPU
		{9E21656A-EF39-4C11-9FFE-19618835C5CE}.Release|Any CPU.ActiveCfg = Release|Any CPU
		{9E21656A-EF39-4C11-9FFE-19618835C5CE}.Release|Any CPU.Build.0 = Release|Any CPU
		{0F4C8E34-2EAF-4D16-A10F-9C45D634C838}.Debug|Any CPU.ActiveCfg = Debug|Any CPU
		{0F4C8E34-2EAF-4D16-A10F-9C45D634C838}.Debug|Any CPU.Build.0 = Debug|Any CPU
		{0F4C8E34-2EAF-4D16-A10F-9C45D634C838}.Release|Any CPU.ActiveCfg = Release|Any CPU
		{0F4C8E34-2EAF-4D16-A10F-9C45D634C838}.Release|Any CPU.Build.0 = Release|Any CPU
		{4607C783-658C-410C-BD4B-2389E231C05C}.Debug|Any CPU.ActiveCfg = Debug|Any CPU
		{4607C783-658C-410C-BD4B-2389E231C05C}.Debug|Any CPU.Build.0 = Debug|Any CPU
		{4607C783-658C-410C-BD4B-2389E231C05C}.Release|Any CPU.ActiveCfg = Release|Any CPU
		{4607C783-658C-410C-BD4B-2389E231C05C}.Release|Any CPU.Build.0 = Release|Any CPU
		{DDE02D9A-9047-461E-B04D-582C217CC295}.Debug|Any CPU.ActiveCfg = Debug|Any CPU
		{DDE02D9A-9047-461E-B04D-582C217CC295}.Debug|Any CPU.Build.0 = Debug|Any CPU
		{DDE02D9A-9047-461E-B04D-582C217CC295}.Release|Any CPU.ActiveCfg = Release|Any CPU
		{DDE02D9A-9047-461E-B04D-582C217CC295}.Release|Any CPU.Build.0 = Release|Any CPU
		{33DD049A-B634-4F44-94FC-ED9B9308F656}.Debug|Any CPU.ActiveCfg = Debug|Any CPU
		{33DD049A-B634-4F44-94FC-ED9B9308F656}.Debug|Any CPU.Build.0 = Debug|Any CPU
		{33DD049A-B634-4F44-94FC-ED9B9308F656}.Release|Any CPU.ActiveCfg = Release|Any CPU
		{33DD049A-B634-4F44-94FC-ED9B9308F656}.Release|Any CPU.Build.0 = Release|Any CPU
		{4DABCF16-43EB-45EE-8976-D7873DA0E88B}.Debug|Any CPU.ActiveCfg = Debug|Any CPU
		{4DABCF16-43EB-45EE-8976-D7873DA0E88B}.Debug|Any CPU.Build.0 = Debug|Any CPU
		{4DABCF16-43EB-45EE-8976-D7873DA0E88B}.Release|Any CPU.ActiveCfg = Release|Any CPU
		{4DABCF16-43EB-45EE-8976-D7873DA0E88B}.Release|Any CPU.Build.0 = Release|Any CPU
		{DCAC2059-9A4F-47F5-8594-DBA37BE6DCF0}.Debug|Any CPU.ActiveCfg = Debug|Any CPU
		{DCAC2059-9A4F-47F5-8594-DBA37BE6DCF0}.Debug|Any CPU.Build.0 = Debug|Any CPU
		{DCAC2059-9A4F-47F5-8594-DBA37BE6DCF0}.Release|Any CPU.ActiveCfg = Release|Any CPU
		{DCAC2059-9A4F-47F5-8594-DBA37BE6DCF0}.Release|Any CPU.Build.0 = Release|Any CPU
		{CAA17A2E-C712-4459-8C8B-27A5D7211D0E}.Debug|Any CPU.ActiveCfg = Debug|Any CPU
		{CAA17A2E-C712-4459-8C8B-27A5D7211D0E}.Debug|Any CPU.Build.0 = Debug|Any CPU
		{CAA17A2E-C712-4459-8C8B-27A5D7211D0E}.Release|Any CPU.ActiveCfg = Release|Any CPU
		{CAA17A2E-C712-4459-8C8B-27A5D7211D0E}.Release|Any CPU.Build.0 = Release|Any CPU
		{37874F52-D898-4A98-BE3B-85057336CD2E}.Debug|Any CPU.ActiveCfg = Debug|Any CPU
		{37874F52-D898-4A98-BE3B-85057336CD2E}.Debug|Any CPU.Build.0 = Debug|Any CPU
		{37874F52-D898-4A98-BE3B-85057336CD2E}.Release|Any CPU.ActiveCfg = Release|Any CPU
		{37874F52-D898-4A98-BE3B-85057336CD2E}.Release|Any CPU.Build.0 = Release|Any CPU
		{9962C1F4-1D42-4EFD-8AED-41B1B57E6299}.Debug|Any CPU.ActiveCfg = Debug|Any CPU
		{9962C1F4-1D42-4EFD-8AED-41B1B57E6299}.Debug|Any CPU.Build.0 = Debug|Any CPU
		{9962C1F4-1D42-4EFD-8AED-41B1B57E6299}.Release|Any CPU.ActiveCfg = Release|Any CPU
		{9962C1F4-1D42-4EFD-8AED-41B1B57E6299}.Release|Any CPU.Build.0 = Release|Any CPU
		{C6962446-BD93-4590-9339-BFDB8C622A44}.Debug|Any CPU.ActiveCfg = Debug|Any CPU
		{C6962446-BD93-4590-9339-BFDB8C622A44}.Debug|Any CPU.Build.0 = Debug|Any CPU
		{C6962446-BD93-4590-9339-BFDB8C622A44}.Release|Any CPU.ActiveCfg = Release|Any CPU
		{C6962446-BD93-4590-9339-BFDB8C622A44}.Release|Any CPU.Build.0 = Release|Any CPU
		{F0F337B5-C74C-45A7-A3D2-0856D6E2AE71}.Debug|Any CPU.ActiveCfg = Debug|Any CPU
		{F0F337B5-C74C-45A7-A3D2-0856D6E2AE71}.Debug|Any CPU.Build.0 = Debug|Any CPU
		{F0F337B5-C74C-45A7-A3D2-0856D6E2AE71}.Release|Any CPU.ActiveCfg = Release|Any CPU
		{F0F337B5-C74C-45A7-A3D2-0856D6E2AE71}.Release|Any CPU.Build.0 = Release|Any CPU
	EndGlobalSection
EndGlobal
